dependencies:
- name: nginx-ingress
  repository: https://kubernetes-charts.storage.googleapis.com
  version: 0.3.1
- name: blog
  repository: https://lakowske.github.io/charts/
  version: 0.2.2
digest: sha256:6a3402418308b56cfabfc6973c195c5d983bf3b3f9d498d24af3f39b64cec623
generated: 2018-01-12T20:55:26.831135081-06:00
